
Microsoft Visual Studio Solution File, Format Version 12.00
# Visual Studio Version 16
VisualStudioVersion = 16.0.30114.105
MinimumVisualStudioVersion = 10.0.40219.1
Project("{FAE04EC0-301F-11D3-BF4B-00C04F79EFBC}") = "SnowFlakeFactory", "SnowFlakeFactory\SnowFlakeFactory.csproj", "{CC77E054-05F0-4E2C-B683-6EC6B228717E}"
EndProject
Project("{FAE04EC0-301F-11D3-BF4B-00C04F79EFBC}") = "SnowFlakeFactoryTests", "SnowFlakeFactoryTests\SnowFlakeFactoryTests.csproj", "{AE72782A-4C50-46F6-9397-9AA31E5C9A01}"
EndProject
Project("{FAE04EC0-301F-11D3-BF4B-00C04F79EFBC}") = "SnowFlakeFactory.Api", "SnowFlakeFactory.Api\SnowFlakeFactory.Api.csproj", "{8D595443-DAEC-4EA1-8551-368CDC5A7013}"
EndProject
Global
	GlobalSection(SolutionProperties) = preSolution
		HideSolutionNode = FALSE
	EndGlobalSection
	GlobalSection(SolutionConfigurationPlatforms) = preSolution
		Debug|Any CPU = Debug|Any CPU
		Debug|x64 = Debug|x64
		Debug|x86 = Debug|x86
		Release|Any CPU = Release|Any CPU
		Release|x64 = Release|x64
		Release|x86 = Release|x86
	EndGlobalSection
	GlobalSection(ProjectConfigurationPlatforms) = postSolution
		{CC77E054-05F0-4E2C-B683-6EC6B228717E}.Debug|Any CPU.ActiveCfg = Debug|Any CPU
		{CC77E054-05F0-4E2C-B683-6EC6B228717E}.Debug|Any CPU.Build.0 = Debug|Any CPU
		{CC77E054-05F0-4E2C-B683-6EC6B228717E}.Debug|x64.ActiveCfg = Debug|Any CPU
		{CC77E054-05F0-4E2C-B683-6EC6B228717E}.Debug|x64.Build.0 = Debug|Any CPU
		{CC77E054-05F0-4E2C-B683-6EC6B228717E}.Debug|x86.ActiveCfg = Debug|Any CPU
		{CC77E054-05F0-4E2C-B683-6EC6B228717E}.Debug|x86.Build.0 = Debug|Any CPU
		{CC77E054-05F0-4E2C-B683-6EC6B228717E}.Release|Any CPU.ActiveCfg = Release|Any CPU
		{CC77E054-05F0-4E2C-B683-6EC6B228717E}.Release|Any CPU.Build.0 = Release|Any CPU
		{CC77E054-05F0-4E2C-B683-6EC6B228717E}.Release|x64.ActiveCfg = Release|Any CPU
		{CC77E054-05F0-4E2C-B683-6EC6B228717E}.Release|x64.Build.0 = Release|Any CPU
		{CC77E054-05F0-4E2C-B683-6EC6B228717E}.Release|x86.ActiveCfg = Release|Any CPU
		{CC77E054-05F0-4E2C-B683-6EC6B228717E}.Release|x86.Build.0 = Release|Any CPU
		{AE72782A-4C50-46F6-9397-9AA31E5C9A01}.Debug|Any CPU.ActiveCfg = Debug|Any CPU
		{AE72782A-4C50-46F6-9397-9AA31E5C9A01}.Debug|Any CPU.Build.0 = Debug|Any CPU
		{AE72782A-4C50-46F6-9397-9AA31E5C9A01}.Debug|x64.ActiveCfg = Debug|Any CPU
		{AE72782A-4C50-46F6-9397-9AA31E5C9A01}.Debug|x64.Build.0 = Debug|Any CPU
		{AE72782A-4C50-46F6-9397-9AA31E5C9A01}.Debug|x86.ActiveCfg = Debug|Any CPU
		{AE72782A-4C50-46F6-9397-9AA31E5C9A01}.Debug|x86.Build.0 = Debug|Any CPU
		{AE72782A-4C50-46F6-9397-9AA31E5C9A01}.Release|Any CPU.ActiveCfg = Release|Any CPU
		{AE72782A-4C50-46F6-9397-9AA31E5C9A01}.Release|Any CPU.Build.0 = Release|Any CPU
		{AE72782A-4C50-46F6-9397-9AA31E5C9A01}.Release|x64.ActiveCfg = Release|Any CPU
		{AE72782A-4C50-46F6-9397-9AA31E5C9A01}.Release|x64.Build.0 = Release|Any CPU
		{AE72782A-4C50-46F6-9397-9AA31E5C9A01}.Release|x86.ActiveCfg = Release|Any CPU
		{AE72782A-4C50-46F6-9397-9AA31E5C9A01}.Release|x86.Build.0 = Release|Any CPU
		{8D595443-DAEC-4EA1-8551-368CDC5A7013}.Debug|Any CPU.ActiveCfg = Debug|Any CPU
		{8D595443-DAEC-4EA1-8551-368CDC5A7013}.Debug|Any CPU.Build.0 = Debug|Any CPU
		{8D595443-DAEC-4EA1-8551-368CDC5A7013}.Debug|x64.ActiveCfg = Debug|Any CPU
		{8D595443-DAEC-4EA1-8551-368CDC5A7013}.Debug|x64.Build.0 = Debug|Any CPU
		{8D595443-DAEC-4EA1-8551-368CDC5A7013}.Debug|x86.ActiveCfg = Debug|Any CPU
		{8D595443-DAEC-4EA1-8551-368CDC5A7013}.Debug|x86.Build.0 = Debug|Any CPU
		{8D595443-DAEC-4EA1-8551-368CDC5A7013}.Release|Any CPU.ActiveCfg = Release|Any CPU
		{8D595443-DAEC-4EA1-8551-368CDC5A7013}.Release|Any CPU.Build.0 = Release|Any CPU
		{8D595443-DAEC-4EA1-8551-368CDC5A7013}.Release|x64.ActiveCfg = Release|Any CPU
		{8D595443-DAEC-4EA1-8551-368CDC5A7013}.Release|x64.Build.0 = Release|Any CPU
		{8D595443-DAEC-4EA1-8551-368CDC5A7013}.Release|x86.ActiveCfg = Release|Any CPU
		{8D595443-DAEC-4EA1-8551-368CDC5A7013}.Release|x86.Build.0 = Release|Any CPU
	EndGlobalSection
EndGlobal
